
Microsoft Visual Studio Solution File, Format Version 12.00
Project("{FAE04EC0-301F-11D3-BF4B-00C04F79EFBC}") = "Hotel_DDD_infrastructure", "Hotel_DDD_infrastructure\Hotel_DDD_infrastructure.csproj", "{F24AAED8-7739-4C36-997C-36C09DC9DD1C}"
EndProject
Project("{FAE04EC0-301F-11D3-BF4B-00C04F79EFBC}") = "Hotel_DDD_domain", "Hotel_DDD_domain\Hotel_DDD_domain.csproj", "{D1DF772D-EF32-4350-B0AC-F0BD7DF22050}"
EndProject
Global
	GlobalSection(SolutionConfigurationPlatforms) = preSolution
		Debug|Any CPU = Debug|Any CPU
		Release|Any CPU = Release|Any CPU
	EndGlobalSection
	GlobalSection(ProjectConfigurationPlatforms) = postSolution
		{F24AAED8-7739-4C36-997C-36C09DC9DD1C}.Debug|Any CPU.ActiveCfg = Debug|Any CPU
		{F24AAED8-7739-4C36-997C-36C09DC9DD1C}.Debug|Any CPU.Build.0 = Debug|Any CPU
		{F24AAED8-7739-4C36-997C-36C09DC9DD1C}.Release|Any CPU.ActiveCfg = Release|Any CPU
		{F24AAED8-7739-4C36-997C-36C09DC9DD1C}.Release|Any CPU.Build.0 = Release|Any CPU
		{D1DF772D-EF32-4350-B0AC-F0BD7DF22050}.Debug|Any CPU.ActiveCfg = Debug|Any CPU
		{D1DF772D-EF32-4350-B0AC-F0BD7DF22050}.Debug|Any CPU.Build.0 = Debug|Any CPU
		{D1DF772D-EF32-4350-B0AC-F0BD7DF22050}.Release|Any CPU.ActiveCfg = Release|Any CPU
		{D1DF772D-EF32-4350-B0AC-F0BD7DF22050}.Release|Any CPU.Build.0 = Release|Any CPU
	EndGlobalSection
EndGlobal
